
Microsoft Visual Studio Solution File, Format Version 12.00
# Visual Studio Version 17
VisualStudioVersion = 17.8.34511.84
MinimumVisualStudioVersion = 10.0.40219.1
Project("{FAE04EC0-301F-11D3-BF4B-00C04F79EFBC}") = "WpfApp1", "WpfApp1\WpfApp1.csproj", "{1C75F71B-CE3C-4181-85CC-8656F11D6AFE}"
EndProject
Global
	GlobalSection(SolutionConfigurationPlatforms) = preSolution
		Debug|Any CPU = Debug|Any CPU
		Release|Any CPU = Release|Any CPU
	EndGlobalSection
	GlobalSection(ProjectConfigurationPlatforms) = postSolution
		{1C75F71B-CE3C-4181-85CC-8656F11D6AFE}.Debug|Any CPU.ActiveCfg = Debug|Any CPU
		{1C75F71B-CE3C-4181-85CC-8656F11D6AFE}.Debug|Any CPU.Build.0 = Debug|Any CPU
		{1C75F71B-CE3C-4181-85CC-8656F11D6AFE}.Release|Any CPU.ActiveCfg = Release|Any CPU
		{1C75F71B-CE3C-4181-85CC-8656F11D6AFE}.Release|Any CPU.Build.0 = Release|Any CPU
	EndGlobalSection
	GlobalSection(SolutionProperties) = preSolution
		HideSolutionNode = FALSE
	EndGlobalSection
	GlobalSection(ExtensibilityGlobals) = postSolution
		SolutionGuid = {F2451066-5377-4F66-BFA7-D4F172E298B6}
	EndGlobalSection
EndGlobal
